<?xml version="1.0" encoding="utf-8"?>
<Project ToolsVersion="4.0" xmlns="http://schemas.microsoft.com/developer/msbuild/2003">
  <ItemGroup>
    <Filter Include="include">
      <UniqueIdentifier>{31221455-eea4-49fc-b199-8afddebcfb8e}</UniqueIdentifier>
    </Filter>
    <Filter Include="src">
      <UniqueIdentifier>{0a287026-d3d5-4240-9f41-d5b3d65af88c}</UniqueIdentifier>
    </Filter>
    <Filter Include="docs">
      <UniqueIdentifier>{031836da-5c33-40f2-a92d-1cd60260be8d}</UniqueIdentifier>
    </Filter>
    <Filter Include="include\containers">
      <UniqueIdentifier>{621c4ddc-2685-4e96-b055-e90cdee67db0}</UniqueIdentifier>
    </Filter>
    <Filter Include="include\bit_utils">
      <UniqueIdentifier>{c6f38f64-0acf-4464-b13e-ca94463c8f32}</UniqueIdentifier>
    </Filter>
    <Filter Include="include\debug">
      <UniqueIdentifier>{b452c2b8-25ed-4394-8f2e-066a3f0c8a4f}</UniqueIdentifier>
    </Filter>
    <Filter Include="include\algo">
      <UniqueIdentifier>{99886a11-10c4-4a0e-97b4-8f56150939b5}</UniqueIdentifier>
    </Filter>
    <Filter Include="docs\containers">
      <UniqueIdentifier>{0ec6a404-f567-4c50-b610-813350a0c919}</UniqueIdentifier>
    </Filter>
    <Filter Include="include\memory">
      <UniqueIdentifier>{1c51a074-04f8-450a-af06-683b6bd4967d}</UniqueIdentifier>
    </Filter>
    <Filter Include="src\main">
      <UniqueIdentifier>{29a064fa-bd33-44d7-8051-d81c810ccba5}</UniqueIdentifier>
    </Filter>
    <Filter Include="src\tests">
      <UniqueIdentifier>{02cc968e-0d20-48b1-b397-0f862c68a1d4}</UniqueIdentifier>
    </Filter>
    <Filter Include="include\tests">
      <UniqueIdentifier>{3d214a38-6cda-4650-a14a-8effe230b742}</UniqueIdentifier>
    </Filter>
    <Filter Include="include\containers\slots">
      <UniqueIdentifier>{801217ca-876b-424e-b9ed-2d756058e2e7}</UniqueIdentifier>
    </Filter>
    <Filter Include="docs\containers\slots">
      <UniqueIdentifier>{19f2eb8e-4ae8-4905-948a-71d006086f47}</UniqueIdentifier>
    </Filter>
    <Filter Include="include\types">
      <UniqueIdentifier>{1debff00-2410-45be-b550-17877cd21ca2}</UniqueIdentifier>
    </Filter>
    <Filter Include="src\types">
      <UniqueIdentifier>{6214bdff-f503-41da-b5fa-d82a3e83633a}</UniqueIdentifier>
    </Filter>
    <Filter Include="include\threading">
      <UniqueIdentifier>{ecd0ee80-064c-434e-809a-a0db8a0bf1ec}</UniqueIdentifier>
    </Filter>
    <Filter Include="include\threading\transports">
      <UniqueIdentifier>{fd324114-fc8b-4af8-8b56-8769d1cc3513}</UniqueIdentifier>
    </Filter>
    <Filter Include="docs\threading">
      <UniqueIdentifier>{713caa0b-56e9-4126-87ae-0552121dfce4}</UniqueIdentifier>
    </Filter>
    <Filter Include="docs\threading\transports">
      <UniqueIdentifier>{f26bb3bd-a035-419d-a3b4-f32085f70750}</UniqueIdentifier>
    </Filter>
    <Filter Include="src\memory">
      <UniqueIdentifier>{50c125e8-48c5-43f7-81eb-0bbb96127d0c}</UniqueIdentifier>
    </Filter>
    <Filter Include="src\debug">
      <UniqueIdentifier>{0489083b-4649-4805-b4af-339674c8de2e}</UniqueIdentifier>
    </Filter>
    <Filter Include="include\threading\transports\core">
      <UniqueIdentifier>{3cb79eb8-e06b-4591-9e9e-e50945b047a5}</UniqueIdentifier>
    </Filter>
    <Filter Include="include\threading\transports\endpoints">
      <UniqueIdentifier>{595e9931-d448-42a4-990a-b088ff20fcdb}</UniqueIdentifier>
    </Filter>
    <Filter Include="include\threading\transports\interfaces">
      <UniqueIdentifier>{a3c863ad-1a01-4408-99e5-ee47e678bad3}</UniqueIdentifier>
    </Filter>
    <Filter Include="include\threading\transports\bundles">
      <UniqueIdentifier>{e9c9d0ab-1069-4670-84e7-9f61c1f3039a}</UniqueIdentifier>
    </Filter>
    <Filter Include="docs\memory">
      <UniqueIdentifier>{7a8e6360-4b25-4640-9e3d-24a60c29d301}</UniqueIdentifier>
    </Filter>
    <Filter Include="include\system">
      <UniqueIdentifier>{1ef648dd-f950-48e9-8d06-f300e76e082f}</UniqueIdentifier>
    </Filter>
    <Filter Include="docs\backlog">
      <UniqueIdentifier>{b447aee3-3045-4d9c-972f-2c78246358dd}</UniqueIdentifier>
    </Filter>
    <Filter Include="src\threading">
      <UniqueIdentifier>{7d987152-6b93-4b7f-a705-e5e93914b562}</UniqueIdentifier>
    </Filter>
    <Filter Include="src\image">
      <UniqueIdentifier>{92eab3c4-d162-4293-b08a-761241bf0548}</UniqueIdentifier>
    </Filter>
    <Filter Include="src\platform">
      <UniqueIdentifier>{e170ffde-74b5-47ae-a7b0-5734f2efc907}</UniqueIdentifier>
    </Filter>
    <Filter Include="include\image">
      <UniqueIdentifier>{74ff738d-b7f7-4824-b0c4-64cc2a866da6}</UniqueIdentifier>
    </Filter>
    <Filter Include="include\platform">
      <UniqueIdentifier>{1b4031da-8dd3-445f-b38b-774f39f02328}</UniqueIdentifier>
    </Filter>
    <Filter Include="include\platform\filesystem">
      <UniqueIdentifier>{7f2810d9-f2f3-423c-984c-270c7a795cd4}</UniqueIdentifier>
    </Filter>
    <Filter Include="include\platform\module">
      <UniqueIdentifier>{30c15861-1357-4103-a49d-d6295353b694}</UniqueIdentifier>
    </Filter>
    <Filter Include="include\platform\path">
      <UniqueIdentifier>{312fa471-6649-488a-96d7-bbc7012fe7a8}</UniqueIdentifier>
    </Filter>
    <Filter Include="include\platform\threading">
      <UniqueIdentifier>{b10002b2-944e-4428-a3d1-df0903df0cf7}</UniqueIdentifier>
    </Filter>
    <Filter Include="src\platform\filesystem">
      <UniqueIdentifier>{c20c021f-794f-4012-acf1-e37b7b62e3cc}</UniqueIdentifier>
    </Filter>
    <Filter Include="src\platform\module">
      <UniqueIdentifier>{0878217d-2704-420f-acc1-88c4cddf610c}</UniqueIdentifier>
    </Filter>
    <Filter Include="src\platform\path">
      <UniqueIdentifier>{fbd5805a-7ab3-4394-a078-e34601d27f9e}</UniqueIdentifier>
    </Filter>
    <Filter Include="src\platform\threading">
      <UniqueIdentifier>{2337dde8-84d9-4262-b828-e0581a5f45f6}</UniqueIdentifier>
    </Filter>
    <Filter Include="src\image\codec">
      <UniqueIdentifier>{121b3879-e13a-43c9-a464-bcc7ac943515}</UniqueIdentifier>
    </Filter>
    <Filter Include="include\image\codec">
      <UniqueIdentifier>{e139fc41-d966-4f77-8cb9-f55a68168302}</UniqueIdentifier>
    </Filter>
    <Filter Include="include\platform\filesystem\internal">
      <UniqueIdentifier>{e4ced4a1-2dfd-4fb0-bbbd-29bb8012f70a}</UniqueIdentifier>
    </Filter>
    <Filter Include="src\platform\filesystem\internal">
      <UniqueIdentifier>{7abcd676-9572-48ed-86e1-5292f0cfc232}</UniqueIdentifier>
    </Filter>
  </ItemGroup>
  <ItemGroup>
    <ClInclude Include="include\containers\ByteBuffers.hpp">
      <Filter>include\containers</Filter>
    </ClInclude>
    <ClInclude Include="include\containers\StringBuffers.hpp">
      <Filter>include\containers</Filter>
    </ClInclude>
    <ClInclude Include="include\bit_utils\bit_ops.hpp">
      <Filter>include\bit_utils</Filter>
    </ClInclude>
    <ClInclude Include="include\bit_utils\bit_utils.hpp">
      <Filter>include\bit_utils</Filter>
    </ClInclude>
    <ClInclude Include="include\bit_utils\spatial_codes.hpp">
      <Filter>include\bit_utils</Filter>
    </ClInclude>
    <ClInclude Include="include\debug\debug.hpp">
      <Filter>include\debug</Filter>
    </ClInclude>
    <ClInclude Include="include\algo\validate_permutations.hpp">
      <Filter>include\algo</Filter>
    </ClInclude>
    <ClInclude Include="include\memory\memory_allocation.hpp">
      <Filter>include\memory</Filter>
    </ClInclude>
    <ClInclude Include="include\memory\memory_primitives.hpp">
      <Filter>include\memory</Filter>
    </ClInclude>
    <ClInclude Include="include\containers\TPodVector.hpp">
      <Filter>include\containers</Filter>
    </ClInclude>
    <ClInclude Include="include\tests\TOrderedSlots_test_harness.hpp">
      <Filter>include\tests</Filter>
    </ClInclude>
    <ClInclude Include="include\tests\TUnorderedSlots_test_harness.hpp">
      <Filter>include\tests</Filter>
    </ClInclude>
    <ClInclude Include="include\containers\TStableStorage.hpp">
      <Filter>include\containers</Filter>
    </ClInclude>
    <ClInclude Include="include\containers\slots\SlotsRankMap.hpp">
      <Filter>include\containers\slots</Filter>
    </ClInclude>
    <ClInclude Include="include\containers\slots\TOrderedSlots.hpp">
      <Filter>include\containers\slots</Filter>
    </ClInclude>
    <ClInclude Include="include\containers\slots\TUnorderedSlots.hpp">
      <Filter>include\containers\slots</Filter>
    </ClInclude>
    <ClInclude Include="include\containers\TOrderedCollection.hpp">
      <Filter>include\containers</Filter>
    </ClInclude>
    <ClInclude Include="include\containers\TUnorderedCollection.hpp">
      <Filter>include\containers</Filter>
    </ClInclude>
    <ClInclude Include="include\containers\TInstance.hpp">
      <Filter>include\containers</Filter>
    </ClInclude>
    <ClInclude Include="include\types\fp16data_t.hpp">
      <Filter>include\types</Filter>
    </ClInclude>
    <ClInclude Include="include\tests\TQueueTransport_test_suite.hpp">
      <Filter>include\tests</Filter>
    </ClInclude>
    <ClInclude Include="include\tests\TRingTransport_test_suite.hpp">
      <Filter>include\tests</Filter>
    </ClInclude>
    <ClInclude Include="include\threading\transports\bundles\TQueueBundle.hpp">
      <Filter>include\threading\transports\bundles</Filter>
    </ClInclude>
    <ClInclude Include="include\threading\transports\bundles\TRingBundle.hpp">
      <Filter>include\threading\transports\bundles</Filter>
    </ClInclude>
    <ClInclude Include="include\threading\transports\core\TQueueTransport.hpp">
      <Filter>include\threading\transports\core</Filter>
    </ClInclude>
    <ClInclude Include="include\threading\transports\core\TRingTransport.hpp">
      <Filter>include\threading\transports\core</Filter>
    </ClInclude>
    <ClInclude Include="include\threading\transports\endpoints\TQueueEndpoints.hpp">
      <Filter>include\threading\transports\endpoints</Filter>
    </ClInclude>
    <ClInclude Include="include\threading\transports\endpoints\TRingEndpoints.hpp">
      <Filter>include\threading\transports\endpoints</Filter>
    </ClInclude>
    <ClInclude Include="include\threading\transports\interfaces\TQueueInterfaces.hpp">
      <Filter>include\threading\transports\interfaces</Filter>
    </ClInclude>
    <ClInclude Include="include\threading\transports\interfaces\TRingInterfaces.hpp">
      <Filter>include\threading\transports\interfaces</Filter>
    </ClInclude>
    <ClInclude Include="include\containers\TPodFifo.hpp">
      <Filter>include\containers</Filter>
    </ClInclude>
    <ClInclude Include="include\threading\transports\core\TOwningTransport.hpp">
      <Filter>include\threading\transports\core</Filter>
    </ClInclude>
    <ClInclude Include="include\tests\TOwningTransport_test_suite.hpp">
      <Filter>include\tests</Filter>
    </ClInclude>
    <ClInclude Include="include\threading\transports\endpoints\TOwningEndpoints.hpp">
      <Filter>include\threading\transports\endpoints</Filter>
    </ClInclude>
    <ClInclude Include="include\threading\transports\interfaces\TOwningInterfaces.hpp">
      <Filter>include\threading\transports\interfaces</Filter>
    </ClInclude>
    <ClInclude Include="include\threading\transports\bundles\TOwningBundle.hpp">
      <Filter>include\threading\transports\bundles</Filter>
    </ClInclude>
    <ClInclude Include="include\memory\memory_typeless.hpp">
      <Filter>include\memory</Filter>
    </ClInclude>
    <ClInclude Include="include\types\typeless.hpp">
      <Filter>include\types</Filter>
    </ClInclude>
    <ClInclude Include="include\system\system_ids.hpp">
      <Filter>include\system</Filter>
    </ClInclude>
    <ClInclude Include="include\tests\run_tests.hpp">
      <Filter>include\tests</Filter>
    </ClInclude>
    <ClInclude Include="include\threading\transports\core\TBulkTransport.hpp">
      <Filter>include\threading\transports\core</Filter>
    </ClInclude>
    <ClInclude Include="include\threading\transports\bundles\TBulkBundle.hpp">
      <Filter>include\threading\transports\bundles</Filter>
    </ClInclude>
    <ClInclude Include="include\threading\transports\endpoints\TBulkEndpoints.hpp">
      <Filter>include\threading\transports\endpoints</Filter>
    </ClInclude>
    <ClInclude Include="include\threading\transports\interfaces\TBulkInterfaces.hpp">
      <Filter>include\threading\transports\interfaces</Filter>
    </ClInclude>
    <ClInclude Include="include\image\codec\tga.hpp">
      <Filter>include\image\codec</Filter>
    </ClInclude>
    <ClInclude Include="include\platform\filesystem\file.hpp">
      <Filter>include\platform\filesystem</Filter>
    </ClInclude>
    <ClInclude Include="include\platform\filesystem\log.hpp">
      <Filter>include\platform\filesystem</Filter>
    </ClInclude>
    <ClInclude Include="include\platform\filesystem\internal\file_utils.hpp">
      <Filter>include\platform\filesystem\internal</Filter>
    </ClInclude>
    <ClInclude Include="include\platform\module\binding.hpp">
      <Filter>include\platform\module</Filter>
    </ClInclude>
    <ClInclude Include="include\platform\path\native_path.hpp">
      <Filter>include\platform\path</Filter>
    </ClInclude>
    <ClInclude Include="include\platform\threading\primitives.hpp">
      <Filter>include\platform\threading</Filter>
    </ClInclude>
  </ItemGroup>
  <ItemGroup>
    <ClCompile Include="src\main\ManifoldEngine.cpp">
      <Filter>src\main</Filter>
    </ClCompile>
    <ClCompile Include="src\tests\TOrderedSlots_test_harness.cpp">
      <Filter>src\tests</Filter>
    </ClCompile>
    <ClCompile Include="src\tests\TUnorderedSlots_test_harness.cpp">
      <Filter>src\tests</Filter>
    </ClCompile>
    <ClCompile Include="src\types\fp16data_t.cpp">
      <Filter>src\types</Filter>
    </ClCompile>
    <ClCompile Include="src\memory\memory_allocation.cpp">
      <Filter>src\memory</Filter>
    </ClCompile>
    <ClCompile Include="src\debug\debug.cpp">
      <Filter>src\debug</Filter>
    </ClCompile>
    <ClCompile Include="src\tests\TQueueTransport_test_suite.cpp">
      <Filter>src\tests</Filter>
    </ClCompile>
    <ClCompile Include="src\tests\TRingTransport_test_suite.cpp">
      <Filter>src\tests</Filter>
    </ClCompile>
    <ClCompile Include="src\tests\TOwningTransport_test_suite.cpp">
      <Filter>src\tests</Filter>
    </ClCompile>
    <ClCompile Include="src\tests\run_tests.cpp">
      <Filter>src\tests</Filter>
    </ClCompile>
    <ClCompile Include="src\image\codec\tga.cpp">
      <Filter>src\image\codec</Filter>
    </ClCompile>
    <ClCompile Include="src\platform\filesystem\file.cpp">
      <Filter>src\platform\filesystem</Filter>
    </ClCompile>
    <ClCompile Include="src\platform\filesystem\log.cpp">
      <Filter>src\platform\filesystem</Filter>
    </ClCompile>
    <ClCompile Include="src\platform\filesystem\internal\file_utils.cpp">
      <Filter>src\platform\filesystem\internal</Filter>
    </ClCompile>
    <ClCompile Include="src\platform\module\binding.cpp">
      <Filter>src\platform\module</Filter>
    </ClCompile>
    <ClCompile Include="src\platform\path\native_path.cpp">
      <Filter>src\platform\path</Filter>
    </ClCompile>
    <ClCompile Include="src\platform\threading\primitives.cpp">
      <Filter>src\platform\threading</Filter>
    </ClCompile>
  </ItemGroup>
  <ItemGroup>
    <None Include="docs\containers\ByteBuffers.md">
      <Filter>docs\containers</Filter>
    </None>
    <None Include=".gitignore" />
    <None Include="README.md" />
    <None Include="docs\containers\slots\TOrderedSlots.md">
      <Filter>docs\containers\slots</Filter>
    </None>
    <None Include="docs\containers\slots\TUnorderedSlots.md">
      <Filter>docs\containers\slots</Filter>
    </None>
    <None Include="docs\containers\TOrderedCollection.md">
      <Filter>docs\containers</Filter>
    </None>
    <None Include="docs\containers\TStableStorage.md">
      <Filter>docs\containers</Filter>
    </None>
    <None Include="docs\containers\TUnorderedCollection.md">
      <Filter>docs\containers</Filter>
    </None>
    <None Include="docs\containers\StringBuffers.md">
      <Filter>docs\containers</Filter>
    </None>
    <None Include="docs\containers\TPodVector.md">
      <Filter>docs\containers</Filter>
    </None>
    <None Include="docs\threading\transports\TQueueTransport.md">
      <Filter>docs\threading\transports</Filter>
    </None>
    <None Include="docs\threading\transports\TRingTransport.md">
      <Filter>docs\threading\transports</Filter>
    </None>
    <None Include="docs\architectural-principles.md">
      <Filter>docs</Filter>
    </None>
    <None Include="docs\engineering-aphorisms.md">
      <Filter>docs</Filter>
    </None>
    <None Include="docs\engineering-principles.md">
      <Filter>docs</Filter>
    </None>
    <None Include="docs\codebase-model.md">
      <Filter>docs</Filter>
    </None>
    <None Include="docs\containers\TPodFifo.md">
      <Filter>docs\containers</Filter>
    </None>
    <None Include="docs\threading\transports\TOwningTransport.md">
      <Filter>docs\threading\transports</Filter>
    </None>
    <None Include="docs\codebase-ethos-primer.md">
      <Filter>docs</Filter>
    </None>
    <None Include="docs\memory\memory_typeless.md">
      <Filter>docs\memory</Filter>
    </None>
    <None Include="docs\origins.md">
      <Filter>docs</Filter>
    </None>
    <None Include="docs\backlog\manifold_engine_interim_backlog.md">
      <Filter>docs\backlog</Filter>
    </None>
    <None Include="docs\backlog\current_scope_backlog.md">
      <Filter>docs\backlog</Filter>
    </None>
  </ItemGroup>
  <ItemGroup>
    <Text Include="LICENSE.txt" />
  </ItemGroup>
</Project>