<?xml version="1.0" encoding="utf-8"?>
<Project ToolsVersion="4.0" xmlns="http://schemas.microsoft.com/developer/msbuild/2003">
  <ItemGroup>
    <Filter Include="include">
      <UniqueIdentifier>{31221455-eea4-49fc-b199-8afddebcfb8e}</UniqueIdentifier>
    </Filter>
    <Filter Include="src">
      <UniqueIdentifier>{0a287026-d3d5-4240-9f41-d5b3d65af88c}</UniqueIdentifier>
    </Filter>
    <Filter Include="docs">
      <UniqueIdentifier>{031836da-5c33-40f2-a92d-1cd60260be8d}</UniqueIdentifier>
    </Filter>
    <Filter Include="include\containers">
      <UniqueIdentifier>{621c4ddc-2685-4e96-b055-e90cdee67db0}</UniqueIdentifier>
    </Filter>
    <Filter Include="include\io">
      <UniqueIdentifier>{e7144ddc-7e64-411e-8bd0-700dafe833f7}</UniqueIdentifier>
    </Filter>
    <Filter Include="include\io\file">
      <UniqueIdentifier>{cd3dcbef-d844-4cb2-80cb-ce341b31bba6}</UniqueIdentifier>
    </Filter>
    <Filter Include="src\io">
      <UniqueIdentifier>{fde9a859-61d6-47b3-a46c-549158324836}</UniqueIdentifier>
    </Filter>
    <Filter Include="src\io\file">
      <UniqueIdentifier>{aa97284b-8652-46d0-82bd-5e4af3a8ad10}</UniqueIdentifier>
    </Filter>
    <Filter Include="include\io\file\internal">
      <UniqueIdentifier>{eafcc249-7c8f-4344-b519-e3c765de7470}</UniqueIdentifier>
    </Filter>
    <Filter Include="src\io\file\internal">
      <UniqueIdentifier>{3f3507d4-df81-4755-beac-b6a631d6dda6}</UniqueIdentifier>
    </Filter>
    <Filter Include="include\bit_utils">
      <UniqueIdentifier>{c6f38f64-0acf-4464-b13e-ca94463c8f32}</UniqueIdentifier>
    </Filter>
    <Filter Include="include\debug">
      <UniqueIdentifier>{b452c2b8-25ed-4394-8f2e-066a3f0c8a4f}</UniqueIdentifier>
    </Filter>
    <Filter Include="include\algo">
      <UniqueIdentifier>{99886a11-10c4-4a0e-97b4-8f56150939b5}</UniqueIdentifier>
    </Filter>
    <Filter Include="docs\containers">
      <UniqueIdentifier>{0ec6a404-f567-4c50-b610-813350a0c919}</UniqueIdentifier>
    </Filter>
    <Filter Include="include\memory">
      <UniqueIdentifier>{1c51a074-04f8-450a-af06-683b6bd4967d}</UniqueIdentifier>
    </Filter>
    <Filter Include="src\main">
      <UniqueIdentifier>{29a064fa-bd33-44d7-8051-d81c810ccba5}</UniqueIdentifier>
    </Filter>
    <Filter Include="src\tests">
      <UniqueIdentifier>{02cc968e-0d20-48b1-b397-0f862c68a1d4}</UniqueIdentifier>
    </Filter>
    <Filter Include="include\tests">
      <UniqueIdentifier>{3d214a38-6cda-4650-a14a-8effe230b742}</UniqueIdentifier>
    </Filter>
    <Filter Include="include\containers\slots">
      <UniqueIdentifier>{801217ca-876b-424e-b9ed-2d756058e2e7}</UniqueIdentifier>
    </Filter>
    <Filter Include="docs\containers\slots">
      <UniqueIdentifier>{19f2eb8e-4ae8-4905-948a-71d006086f47}</UniqueIdentifier>
    </Filter>
    <Filter Include="include\types">
      <UniqueIdentifier>{1debff00-2410-45be-b550-17877cd21ca2}</UniqueIdentifier>
    </Filter>
    <Filter Include="src\types">
      <UniqueIdentifier>{6214bdff-f503-41da-b5fa-d82a3e83633a}</UniqueIdentifier>
    </Filter>
    <Filter Include="include\threading">
      <UniqueIdentifier>{ecd0ee80-064c-434e-809a-a0db8a0bf1ec}</UniqueIdentifier>
    </Filter>
    <Filter Include="include\threading\transports">
      <UniqueIdentifier>{fd324114-fc8b-4af8-8b56-8769d1cc3513}</UniqueIdentifier>
    </Filter>
    <Filter Include="docs\threading">
      <UniqueIdentifier>{713caa0b-56e9-4126-87ae-0552121dfce4}</UniqueIdentifier>
    </Filter>
    <Filter Include="docs\threading\transports">
      <UniqueIdentifier>{f26bb3bd-a035-419d-a3b4-f32085f70750}</UniqueIdentifier>
    </Filter>
    <Filter Include="src\memory">
      <UniqueIdentifier>{50c125e8-48c5-43f7-81eb-0bbb96127d0c}</UniqueIdentifier>
    </Filter>
    <Filter Include="src\debug">
      <UniqueIdentifier>{0489083b-4649-4805-b4af-339674c8de2e}</UniqueIdentifier>
    </Filter>
    <Filter Include="include\threading\transports\core">
      <UniqueIdentifier>{3cb79eb8-e06b-4591-9e9e-e50945b047a5}</UniqueIdentifier>
    </Filter>
    <Filter Include="include\threading\transports\endpoints">
      <UniqueIdentifier>{595e9931-d448-42a4-990a-b088ff20fcdb}</UniqueIdentifier>
    </Filter>
    <Filter Include="include\threading\transports\interfaces">
      <UniqueIdentifier>{a3c863ad-1a01-4408-99e5-ee47e678bad3}</UniqueIdentifier>
    </Filter>
    <Filter Include="include\threading\transports\bundles">
      <UniqueIdentifier>{e9c9d0ab-1069-4670-84e7-9f61c1f3039a}</UniqueIdentifier>
    </Filter>
    <Filter Include="docs\memory">
      <UniqueIdentifier>{7a8e6360-4b25-4640-9e3d-24a60c29d301}</UniqueIdentifier>
    </Filter>
    <Filter Include="include\system">
      <UniqueIdentifier>{1ef648dd-f950-48e9-8d06-f300e76e082f}</UniqueIdentifier>
    </Filter>
    <Filter Include="include\io\path">
      <UniqueIdentifier>{bfc0838c-3bda-4900-8a15-7ef695805ca5}</UniqueIdentifier>
    </Filter>
    <Filter Include="src\io\path">
      <UniqueIdentifier>{4c854f27-b06d-4ef6-bf3a-5a0d1df89e49}</UniqueIdentifier>
    </Filter>
    <Filter Include="src\module">
      <UniqueIdentifier>{722dd110-fedd-4a28-841a-02499b464eb7}</UniqueIdentifier>
    </Filter>
    <Filter Include="include\module">
      <UniqueIdentifier>{7e3aa772-a336-49d7-a680-8de57fafa5a0}</UniqueIdentifier>
    </Filter>
    <Filter Include="src\io\codec">
      <UniqueIdentifier>{c5f3c8eb-73ae-4308-a18c-991bc41e3915}</UniqueIdentifier>
    </Filter>
    <Filter Include="include\io\codec">
      <UniqueIdentifier>{433123b7-735f-42cd-a5bc-adf98bc059e9}</UniqueIdentifier>
    </Filter>
    <Filter Include="docs\backlog">
      <UniqueIdentifier>{b447aee3-3045-4d9c-972f-2c78246358dd}</UniqueIdentifier>
    </Filter>
    <Filter Include="src\threading">
      <UniqueIdentifier>{7d987152-6b93-4b7f-a705-e5e93914b562}</UniqueIdentifier>
    </Filter>
    <Filter Include="src\threading\platform">
      <UniqueIdentifier>{d1ad4df1-dc30-44e8-922b-101b8ed86a7c}</UniqueIdentifier>
    </Filter>
    <Filter Include="include\threading\platform">
      <UniqueIdentifier>{a6927567-1e58-4012-acab-5294d26fd845}</UniqueIdentifier>
    </Filter>
  </ItemGroup>
  <ItemGroup>
    <ClInclude Include="include\containers\ByteBuffers.hpp">
      <Filter>include\containers</Filter>
    </ClInclude>
    <ClInclude Include="include\io\file\file.hpp">
      <Filter>include\io\file</Filter>
    </ClInclude>
    <ClInclude Include="include\io\file\internal\file_utils.hpp">
      <Filter>include\io\file\internal</Filter>
    </ClInclude>
    <ClInclude Include="include\io\file\log.hpp">
      <Filter>include\io\file</Filter>
    </ClInclude>
    <ClInclude Include="include\containers\StringBuffers.hpp">
      <Filter>include\containers</Filter>
    </ClInclude>
    <ClInclude Include="include\bit_utils\bit_ops.hpp">
      <Filter>include\bit_utils</Filter>
    </ClInclude>
    <ClInclude Include="include\bit_utils\bit_utils.hpp">
      <Filter>include\bit_utils</Filter>
    </ClInclude>
    <ClInclude Include="include\bit_utils\spatial_codes.hpp">
      <Filter>include\bit_utils</Filter>
    </ClInclude>
    <ClInclude Include="include\debug\debug.hpp">
      <Filter>include\debug</Filter>
    </ClInclude>
    <ClInclude Include="include\algo\validate_permutations.hpp">
      <Filter>include\algo</Filter>
    </ClInclude>
    <ClInclude Include="include\memory\memory_allocation.hpp">
      <Filter>include\memory</Filter>
    </ClInclude>
    <ClInclude Include="include\memory\memory_primitives.hpp">
      <Filter>include\memory</Filter>
    </ClInclude>
    <ClInclude Include="include\containers\TPodVector.hpp">
      <Filter>include\containers</Filter>
    </ClInclude>
    <ClInclude Include="include\tests\TOrderedSlots_test_harness.hpp">
      <Filter>include\tests</Filter>
    </ClInclude>
    <ClInclude Include="include\tests\TUnorderedSlots_test_harness.hpp">
      <Filter>include\tests</Filter>
    </ClInclude>
    <ClInclude Include="include\containers\TStableStorage.hpp">
      <Filter>include\containers</Filter>
    </ClInclude>
    <ClInclude Include="include\containers\slots\SlotsRankMap.hpp">
      <Filter>include\containers\slots</Filter>
    </ClInclude>
    <ClInclude Include="include\containers\slots\TOrderedSlots.hpp">
      <Filter>include\containers\slots</Filter>
    </ClInclude>
    <ClInclude Include="include\containers\slots\TUnorderedSlots.hpp">
      <Filter>include\containers\slots</Filter>
    </ClInclude>
    <ClInclude Include="include\containers\TOrderedCollection.hpp">
      <Filter>include\containers</Filter>
    </ClInclude>
    <ClInclude Include="include\containers\TUnorderedCollection.hpp">
      <Filter>include\containers</Filter>
    </ClInclude>
    <ClInclude Include="include\containers\TInstance.hpp">
      <Filter>include\containers</Filter>
    </ClInclude>
    <ClInclude Include="include\types\fp16data_t.hpp">
      <Filter>include\types</Filter>
    </ClInclude>
    <ClInclude Include="include\tests\TQueueTransport_test_suite.hpp">
      <Filter>include\tests</Filter>
    </ClInclude>
    <ClInclude Include="include\tests\TRingTransport_test_suite.hpp">
      <Filter>include\tests</Filter>
    </ClInclude>
    <ClInclude Include="include\threading\transports\bundles\TQueueBundle.hpp">
      <Filter>include\threading\transports\bundles</Filter>
    </ClInclude>
    <ClInclude Include="include\threading\transports\bundles\TRingBundle.hpp">
      <Filter>include\threading\transports\bundles</Filter>
    </ClInclude>
    <ClInclude Include="include\threading\transports\core\TQueueTransport.hpp">
      <Filter>include\threading\transports\core</Filter>
    </ClInclude>
    <ClInclude Include="include\threading\transports\core\TRingTransport.hpp">
      <Filter>include\threading\transports\core</Filter>
    </ClInclude>
    <ClInclude Include="include\threading\transports\endpoints\TQueueEndpoints.hpp">
      <Filter>include\threading\transports\endpoints</Filter>
    </ClInclude>
    <ClInclude Include="include\threading\transports\endpoints\TRingEndpoints.hpp">
      <Filter>include\threading\transports\endpoints</Filter>
    </ClInclude>
    <ClInclude Include="include\threading\transports\interfaces\TQueueInterfaces.hpp">
      <Filter>include\threading\transports\interfaces</Filter>
    </ClInclude>
    <ClInclude Include="include\threading\transports\interfaces\TRingInterfaces.hpp">
      <Filter>include\threading\transports\interfaces</Filter>
    </ClInclude>
    <ClInclude Include="include\containers\TPodFifo.hpp">
      <Filter>include\containers</Filter>
    </ClInclude>
    <ClInclude Include="include\threading\transports\core\TOwningTransport.hpp">
      <Filter>include\threading\transports\core</Filter>
    </ClInclude>
    <ClInclude Include="include\tests\TOwningTransport_test_suite.hpp">
      <Filter>include\tests</Filter>
    </ClInclude>
    <ClInclude Include="include\threading\transports\endpoints\TOwningEndpoints.hpp">
      <Filter>include\threading\transports\endpoints</Filter>
    </ClInclude>
    <ClInclude Include="include\threading\transports\interfaces\TOwningInterfaces.hpp">
      <Filter>include\threading\transports\interfaces</Filter>
    </ClInclude>
    <ClInclude Include="include\threading\transports\bundles\TOwningBundle.hpp">
      <Filter>include\threading\transports\bundles</Filter>
    </ClInclude>
    <ClInclude Include="include\memory\memory_typeless.hpp">
      <Filter>include\memory</Filter>
    </ClInclude>
    <ClInclude Include="include\types\typeless.hpp">
      <Filter>include\types</Filter>
    </ClInclude>
    <ClInclude Include="include\system\system_ids.hpp">
      <Filter>include\system</Filter>
    </ClInclude>
    <ClInclude Include="include\tests\run_tests.hpp">
      <Filter>include\tests</Filter>
    </ClInclude>
    <ClInclude Include="include\threading\transports\core\TBulkTransport.hpp">
      <Filter>include\threading\transports\core</Filter>
    </ClInclude>
    <ClInclude Include="include\threading\transports\bundles\TBulkBundle.hpp">
      <Filter>include\threading\transports\bundles</Filter>
    </ClInclude>
    <ClInclude Include="include\threading\transports\endpoints\TBulkEndpoints.hpp">
      <Filter>include\threading\transports\endpoints</Filter>
    </ClInclude>
    <ClInclude Include="include\threading\transports\interfaces\TBulkInterfaces.hpp">
      <Filter>include\threading\transports\interfaces</Filter>
    </ClInclude>
    <ClInclude Include="include\io\path\native_path.hpp">
      <Filter>include\io\path</Filter>
    </ClInclude>
    <ClInclude Include="include\module\module_binding.hpp">
      <Filter>include\module</Filter>
    </ClInclude>
    <ClInclude Include="include\io\codec\tga.hpp">
      <Filter>include\io\codec</Filter>
    </ClInclude>
    <ClInclude Include="include\threading\platform\primitives.hpp">
      <Filter>include\threading\platform</Filter>
    </ClInclude>
  </ItemGroup>
  <ItemGroup>
    <ClCompile Include="src\io\file\file.cpp">
      <Filter>src\io\file</Filter>
    </ClCompile>
    <ClCompile Include="src\io\file\internal\file_utils.cpp">
      <Filter>src\io\file\internal</Filter>
    </ClCompile>
    <ClCompile Include="src\io\file\log.cpp">
      <Filter>src\io\file</Filter>
    </ClCompile>
    <ClCompile Include="src\main\ManifoldEngine.cpp">
      <Filter>src\main</Filter>
    </ClCompile>
    <ClCompile Include="src\tests\TOrderedSlots_test_harness.cpp">
      <Filter>src\tests</Filter>
    </ClCompile>
    <ClCompile Include="src\tests\TUnorderedSlots_test_harness.cpp">
      <Filter>src\tests</Filter>
    </ClCompile>
    <ClCompile Include="src\types\fp16data_t.cpp">
      <Filter>src\types</Filter>
    </ClCompile>
    <ClCompile Include="src\memory\memory_allocation.cpp">
      <Filter>src\memory</Filter>
    </ClCompile>
    <ClCompile Include="src\debug\debug.cpp">
      <Filter>src\debug</Filter>
    </ClCompile>
    <ClCompile Include="src\tests\TQueueTransport_test_suite.cpp">
      <Filter>src\tests</Filter>
    </ClCompile>
    <ClCompile Include="src\tests\TRingTransport_test_suite.cpp">
      <Filter>src\tests</Filter>
    </ClCompile>
    <ClCompile Include="src\tests\TOwningTransport_test_suite.cpp">
      <Filter>src\tests</Filter>
    </ClCompile>
    <ClCompile Include="src\tests\run_tests.cpp">
      <Filter>src\tests</Filter>
    </ClCompile>
    <ClCompile Include="src\io\path\native_path.cpp">
      <Filter>src\io\path</Filter>
    </ClCompile>
    <ClCompile Include="src\module\module_binding.cpp">
      <Filter>src\module</Filter>
    </ClCompile>
    <ClCompile Include="src\io\codec\tga.cpp">
      <Filter>src\io\codec</Filter>
    </ClCompile>
    <ClCompile Include="src\threading\platform\primitives.cpp">
      <Filter>src\threading\platform</Filter>
    </ClCompile>
  </ItemGroup>
  <ItemGroup>
    <None Include="docs\containers\ByteBuffers.md">
      <Filter>docs\containers</Filter>
    </None>
    <None Include=".gitignore" />
    <None Include="README.md" />
    <None Include="docs\containers\slots\TOrderedSlots.md">
      <Filter>docs\containers\slots</Filter>
    </None>
    <None Include="docs\containers\slots\TUnorderedSlots.md">
      <Filter>docs\containers\slots</Filter>
    </None>
    <None Include="docs\containers\TOrderedCollection.md">
      <Filter>docs\containers</Filter>
    </None>
    <None Include="docs\containers\TStableStorage.md">
      <Filter>docs\containers</Filter>
    </None>
    <None Include="docs\containers\TUnorderedCollection.md">
      <Filter>docs\containers</Filter>
    </None>
    <None Include="docs\containers\StringBuffers.md">
      <Filter>docs\containers</Filter>
    </None>
    <None Include="docs\containers\TPodVector.md">
      <Filter>docs\containers</Filter>
    </None>
    <None Include="docs\threading\transports\TQueueTransport.md">
      <Filter>docs\threading\transports</Filter>
    </None>
    <None Include="docs\threading\transports\TRingTransport.md">
      <Filter>docs\threading\transports</Filter>
    </None>
    <None Include="docs\architectural-principles.md">
      <Filter>docs</Filter>
    </None>
    <None Include="docs\engineering-aphorisms.md">
      <Filter>docs</Filter>
    </None>
    <None Include="docs\engineering-principles.md">
      <Filter>docs</Filter>
    </None>
    <None Include="docs\codebase-model.md">
      <Filter>docs</Filter>
    </None>
    <None Include="docs\containers\TPodFifo.md">
      <Filter>docs\containers</Filter>
    </None>
    <None Include="docs\threading\transports\TOwningTransport.md">
      <Filter>docs\threading\transports</Filter>
    </None>
    <None Include="docs\codebase-ethos-primer.md">
      <Filter>docs</Filter>
    </None>
    <None Include="docs\memory\memory_typeless.md">
      <Filter>docs\memory</Filter>
    </None>
    <None Include="docs\origins.md">
      <Filter>docs</Filter>
    </None>
    <None Include="docs\backlog\manifold_engine_interim_backlog.md">
      <Filter>docs\backlog</Filter>
    </None>
    <None Include="docs\backlog\current_scope_backlog.md">
      <Filter>docs\backlog</Filter>
    </None>
  </ItemGroup>
  <ItemGroup>
    <Text Include="LICENSE.txt" />
  </ItemGroup>
</Project>