<?xml version="1.0" encoding="utf-8"?>
<Project ToolsVersion="4.0" xmlns="http://schemas.microsoft.com/developer/msbuild/2003">
  <ItemGroup>
    <Filter Include="Core"><UniqueIdentifier>{70ea1983-c983-deac-c1b6-1805aea3d436}</UniqueIdentifier></Filter>
    <Filter Include="Core\algo"><UniqueIdentifier>{7a2144c9-e097-20b9-e78a-69eadaf31719}</UniqueIdentifier></Filter>
    <Filter Include="Core\algo\Header Files"><UniqueIdentifier>{1b739e0d-5a58-85a1-332e-5a647cd74fba}</UniqueIdentifier></Filter>
    <Filter Include="Core\assets"><UniqueIdentifier>{8e809768-20c6-196e-5fb8-67ef17db1e5b}</UniqueIdentifier></Filter>
    <Filter Include="Core\assets\Header Files"><UniqueIdentifier>{9b4a4a17-f204-e49d-bdbc-a4e486a671b0}</UniqueIdentifier></Filter>
    <Filter Include="Core\bit_utils"><UniqueIdentifier>{a6f1e7b5-46dd-f085-fd67-89e2ea6f27a8}</UniqueIdentifier></Filter>
    <Filter Include="Core\bit_utils\Header Files"><UniqueIdentifier>{4e11bf0b-6435-133b-9368-e2f3247a5d59}</UniqueIdentifier></Filter>
    <Filter Include="Core\containers"><UniqueIdentifier>{b0d882b4-81e4-ae85-4c10-0cd1cc8a7d29}</UniqueIdentifier></Filter>
    <Filter Include="Core\containers\Header Files"><UniqueIdentifier>{3fbacb47-55cf-2961-509a-a5637009cc94}</UniqueIdentifier></Filter>
    <Filter Include="Core\containers\slots"><UniqueIdentifier>{8faed9fd-539b-3d42-090b-6bebf642ab0f}</UniqueIdentifier></Filter>
    <Filter Include="Core\containers\slots\Header Files"><UniqueIdentifier>{ed689644-ed46-0d45-476d-81d715ad6fb0}</UniqueIdentifier></Filter>
    <Filter Include="Core\debug"><UniqueIdentifier>{d7f062ae-b0b3-6f54-f827-4597a156b812}</UniqueIdentifier></Filter>
    <Filter Include="Core\debug\Header Files"><UniqueIdentifier>{d581e920-1518-fd05-9ce8-a1c03b2524c9}</UniqueIdentifier></Filter>
    <Filter Include="Core\debug\Source Files"><UniqueIdentifier>{f7add353-7037-1907-3fe9-78cda87ff7e6}</UniqueIdentifier></Filter>
    <Filter Include="Core\image"><UniqueIdentifier>{9a9ebebc-c0c7-681e-1ff8-509d2f68844a}</UniqueIdentifier></Filter>
    <Filter Include="Core\image\codec"><UniqueIdentifier>{8862b8da-773a-eeff-c85c-b8afe9563d73}</UniqueIdentifier></Filter>
    <Filter Include="Core\image\codec\Header Files"><UniqueIdentifier>{74aa4b25-a0b2-f444-aedb-bfb59e02b083}</UniqueIdentifier></Filter>
    <Filter Include="Core\image\codec\Source Files"><UniqueIdentifier>{74604472-1dff-d667-61e0-274514f57ec6}</UniqueIdentifier></Filter>
    <Filter Include="Logs"><UniqueIdentifier>{a17a171a-1de9-cf11-1420-e3c7e7a5f866}</UniqueIdentifier></Filter>
    <Filter Include="Core\memory"><UniqueIdentifier>{a4f815c0-56f9-e65b-b3c7-1441094f6fb9}</UniqueIdentifier></Filter>
    <Filter Include="Core\memory\Header Files"><UniqueIdentifier>{41167c5c-9705-9596-1421-8c795605816f}</UniqueIdentifier></Filter>
    <Filter Include="Core\memory\Source Files"><UniqueIdentifier>{3a8612a4-a0fc-58d5-128d-92bd50baf1e2}</UniqueIdentifier></Filter>
    <Filter Include="Core\module"><UniqueIdentifier>{e4412f90-2e99-9258-e796-244326bd3ce3}</UniqueIdentifier></Filter>
    <Filter Include="Core\module\Header Files"><UniqueIdentifier>{0be6dcf9-31d1-cef2-6bc7-c39de9edcd61}</UniqueIdentifier></Filter>
    <Filter Include="Core\module\Source Files"><UniqueIdentifier>{978ddc24-0325-e5df-db14-fc29d29fbb3e}</UniqueIdentifier></Filter>
    <Filter Include="Core\platform"><UniqueIdentifier>{d0ccd987-1276-110d-c927-8b420dd6e766}</UniqueIdentifier></Filter>
    <Filter Include="Core\platform\filesystem"><UniqueIdentifier>{6950a5aa-cb9f-3cd8-a900-ac846b1952ef}</UniqueIdentifier></Filter>
    <Filter Include="Core\platform\filesystem\Header Files"><UniqueIdentifier>{a2520f46-eca1-66f4-2c18-4d13fc0a7822}</UniqueIdentifier></Filter>
    <Filter Include="Core\platform\filesystem\internal"><UniqueIdentifier>{36c3167f-b7e8-cbea-b733-3dcdd31e64a7}</UniqueIdentifier></Filter>
    <Filter Include="Core\platform\filesystem\internal\Header Files"><UniqueIdentifier>{3cafd774-3925-f303-a9e6-de855c80d143}</UniqueIdentifier></Filter>
    <Filter Include="Core\platform\filesystem\internal\Source Files"><UniqueIdentifier>{533a2d6f-7a8a-12f7-b7c2-27dc97247c79}</UniqueIdentifier></Filter>
    <Filter Include="Core\platform\filesystem\Source Files"><UniqueIdentifier>{73873f20-1b20-1198-f232-6db327086136}</UniqueIdentifier></Filter>
    <Filter Include="Core\platform\Header Files"><UniqueIdentifier>{f36afd28-cc18-3d90-903f-ef51ba3dd4e4}</UniqueIdentifier></Filter>
    <Filter Include="Core\platform\module"><UniqueIdentifier>{a7b3ab76-aa40-218d-cdd3-d4c4180109c4}</UniqueIdentifier></Filter>
    <Filter Include="Core\platform\module\Header Files"><UniqueIdentifier>{d8409034-a9f1-e077-1480-8b92923ce358}</UniqueIdentifier></Filter>
    <Filter Include="Core\platform\module\Source Files"><UniqueIdentifier>{c1676cf2-5d6d-c7e2-ccb6-a45184800c78}</UniqueIdentifier></Filter>
    <Filter Include="Core\platform\path"><UniqueIdentifier>{2dfcdebb-35da-b20e-6544-04a45324ae0a}</UniqueIdentifier></Filter>
    <Filter Include="Core\platform\path\Header Files"><UniqueIdentifier>{4f7bbc84-f126-c2fc-0cec-9a01c82bde9a}</UniqueIdentifier></Filter>
    <Filter Include="Core\platform\path\Source Files"><UniqueIdentifier>{5102cf33-3a72-760e-7771-b095d29e8a30}</UniqueIdentifier></Filter>
    <Filter Include="Core\platform\system"><UniqueIdentifier>{2887adbc-236a-8c59-b0d3-0fced8ba0623}</UniqueIdentifier></Filter>
    <Filter Include="Core\platform\system\Header Files"><UniqueIdentifier>{177aa22b-8df8-eea0-2534-9d9875ffaf6c}</UniqueIdentifier></Filter>
    <Filter Include="Core\platform\system\Source Files"><UniqueIdentifier>{12c7c04e-d120-22ef-b8ab-e01ea41e21d2}</UniqueIdentifier></Filter>
    <Filter Include="Core\platform\threading"><UniqueIdentifier>{946a01a6-f78d-140a-8002-a5fa01608d07}</UniqueIdentifier></Filter>
    <Filter Include="Core\platform\threading\Header Files"><UniqueIdentifier>{1e933135-4d4a-62a4-20e2-dfb904ac4d90}</UniqueIdentifier></Filter>
    <Filter Include="Core\platform\threading\Source Files"><UniqueIdentifier>{dfd48378-0088-07e9-ca0e-dc3d3d314f7d}</UniqueIdentifier></Filter>
    <Filter Include="Core\system"><UniqueIdentifier>{2225b585-1411-5f96-41c6-c572fd189d09}</UniqueIdentifier></Filter>
    <Filter Include="Core\system\Header Files"><UniqueIdentifier>{49fcf4fe-c368-53e1-74e2-e8413def862a}</UniqueIdentifier></Filter>
    <Filter Include="Core\system\Source Files"><UniqueIdentifier>{3c6ddc2f-3cd8-ed4a-fe58-d5a01a96f631}</UniqueIdentifier></Filter>
    <Filter Include="Core\threading"><UniqueIdentifier>{72e01ce2-e844-8785-b3dc-6088b1816f7d}</UniqueIdentifier></Filter>
    <Filter Include="Core\threading\Header Files"><UniqueIdentifier>{59a2094b-18c2-1566-ca58-7165bd1dd062}</UniqueIdentifier></Filter>
    <Filter Include="Core\threading\messages"><UniqueIdentifier>{9dd923f7-5059-fe93-b0d5-89979db54393}</UniqueIdentifier></Filter>
    <Filter Include="Core\threading\messages\Header Files"><UniqueIdentifier>{37289a1a-f4ee-ee95-02c0-8e6e31dca248}</UniqueIdentifier></Filter>
    <Filter Include="Core\threading\messages\Source Files"><UniqueIdentifier>{8c826f53-8c4a-a693-8cd9-35d80dc72616}</UniqueIdentifier></Filter>
    <Filter Include="Core\threading\Source Files"><UniqueIdentifier>{f336948a-e801-c87f-30e5-0d0fc0c28c86}</UniqueIdentifier></Filter>
    <Filter Include="Core\threading\transports"><UniqueIdentifier>{131dbc28-6f6e-8a75-fb72-98dc2eb4f35e}</UniqueIdentifier></Filter>
    <Filter Include="Core\threading\transports\Header Files"><UniqueIdentifier>{b67d7b99-c024-af0b-b5a9-30bff759d272}</UniqueIdentifier></Filter>
    <Filter Include="Core\types"><UniqueIdentifier>{d40909f9-4844-e5b6-6b78-01905a097457}</UniqueIdentifier></Filter>
    <Filter Include="Core\types\Header Files"><UniqueIdentifier>{8cc4803c-c149-c117-2381-902d8f8db5b6}</UniqueIdentifier></Filter>
    <Filter Include="Core\types\Source Files"><UniqueIdentifier>{2756db4c-76c3-a2b1-589d-bd9132fd932c}</UniqueIdentifier></Filter>
    <Filter Include="Docs"><UniqueIdentifier>{7af023c4-3013-b9a5-3fbf-f7dd4b582158}</UniqueIdentifier></Filter>
    <Filter Include="Docs\architecture"><UniqueIdentifier>{a1440ed4-93de-4c9e-bc15-49167e863fa8}</UniqueIdentifier></Filter>
    <Filter Include="Docs\backlog"><UniqueIdentifier>{acb9d1d1-fcda-ef05-9aeb-a066f8537d31}</UniqueIdentifier></Filter>
    <Filter Include="Docs\containers"><UniqueIdentifier>{126aea5e-4235-1656-c710-b9dd2f447707}</UniqueIdentifier></Filter>
    <Filter Include="Docs\containers\slots"><UniqueIdentifier>{c001f1cb-f352-af39-2d43-2d28a9bc93ce}</UniqueIdentifier></Filter>
    <Filter Include="Docs\debug"><UniqueIdentifier>{5e343b5f-3444-9b99-d58e-bffdc569b4d1}</UniqueIdentifier></Filter>
    <Filter Include="Docs\memory"><UniqueIdentifier>{7f89650b-1985-e5b3-5eb0-1c91ff06ef89}</UniqueIdentifier></Filter>
    <Filter Include="Docs\project"><UniqueIdentifier>{04696bbf-1b73-f05a-efc7-676ab4a64635}</UniqueIdentifier></Filter>
    <Filter Include="Docs\system"><UniqueIdentifier>{001baeaa-14dd-c7ea-b743-3f1bf233ca14}</UniqueIdentifier></Filter>
    <Filter Include="Docs\threading"><UniqueIdentifier>{9ae8026c-8d44-6456-de6c-910ba48df268}</UniqueIdentifier></Filter>
    <Filter Include="Docs\threading\transports"><UniqueIdentifier>{aac8b5ee-83d3-bdd2-a853-bab152e2265f}</UniqueIdentifier></Filter>
  </ItemGroup>
  <ItemGroup>
    <ClInclude Include="core\algo\validate_permutations.hpp"><Filter>Core\algo\Header Files</Filter></ClInclude>
    <ClInclude Include="core\assets\asset_repository.hpp"><Filter>Core\assets\Header Files</Filter></ClInclude>
    <ClInclude Include="core\bit_utils\bit_ops.hpp"><Filter>Core\bit_utils\Header Files</Filter></ClInclude>
    <ClInclude Include="core\bit_utils\bit_utils.hpp"><Filter>Core\bit_utils\Header Files</Filter></ClInclude>
    <ClInclude Include="core\bit_utils\spatial_codes.hpp"><Filter>Core\bit_utils\Header Files</Filter></ClInclude>
    <ClInclude Include="core\bit_utils\TBitField.hpp"><Filter>Core\bit_utils\Header Files</Filter></ClInclude>
    <ClInclude Include="core\containers\ByteBuffers.hpp"><Filter>Core\containers\Header Files</Filter></ClInclude>
    <ClInclude Include="core\containers\containers.hpp"><Filter>Core\containers\Header Files</Filter></ClInclude>
    <ClInclude Include="core\containers\slots\SlotsRankMap.hpp"><Filter>Core\containers\slots\Header Files</Filter></ClInclude>
    <ClInclude Include="core\containers\slots\TOrderedSlots.hpp"><Filter>Core\containers\slots\Header Files</Filter></ClInclude>
    <ClInclude Include="core\containers\slots\TUnorderedSlots.hpp"><Filter>Core\containers\slots\Header Files</Filter></ClInclude>
    <ClInclude Include="core\containers\StringBuffers.hpp"><Filter>Core\containers\Header Files</Filter></ClInclude>
    <ClInclude Include="core\containers\TInstance.hpp"><Filter>Core\containers\Header Files</Filter></ClInclude>
    <ClInclude Include="core\containers\TOrderedCollection.hpp"><Filter>Core\containers\Header Files</Filter></ClInclude>
    <ClInclude Include="core\containers\TPodFifo.hpp"><Filter>Core\containers\Header Files</Filter></ClInclude>
    <ClInclude Include="core\containers\TPodOrderedSlots.hpp"><Filter>Core\containers\Header Files</Filter></ClInclude>
    <ClInclude Include="core\containers\TPodUnorderedSlots.hpp"><Filter>Core\containers\Header Files</Filter></ClInclude>
    <ClInclude Include="core\containers\TPodVector.hpp"><Filter>Core\containers\Header Files</Filter></ClInclude>
    <ClInclude Include="core\containers\TUnorderedCollection.hpp"><Filter>Core\containers\Header Files</Filter></ClInclude>
    <ClInclude Include="core\debug\event_arguments.hpp"><Filter>Core\debug\Header Files</Filter></ClInclude>
    <ClInclude Include="core\debug\macros.hpp"><Filter>Core\debug\Header Files</Filter></ClInclude>
    <ClInclude Include="core\debug\service.hpp"><Filter>Core\debug\Header Files</Filter></ClInclude>
    <ClInclude Include="core\image\codec\tga.hpp"><Filter>Core\image\codec\Header Files</Filter></ClInclude>
    <ClInclude Include="core\memory\memory_context.hpp"><Filter>Core\memory\Header Files</Filter></ClInclude>
    <ClInclude Include="core\memory\memory_policies.hpp"><Filter>Core\memory\Header Files</Filter></ClInclude>
    <ClInclude Include="core\memory\memory_token.hpp"><Filter>Core\memory\Header Files</Filter></ClInclude>
    <ClInclude Include="core\memory\memory_view.hpp"><Filter>Core\memory\Header Files</Filter></ClInclude>
    <ClInclude Include="core\module\module_binding_context.hpp"><Filter>Core\module\Header Files</Filter></ClInclude>
    <ClInclude Include="core\module\module_binding.hpp"><Filter>Core\module\Header Files</Filter></ClInclude>
    <ClInclude Include="core\platform\filesystem\file.hpp"><Filter>Core\platform\filesystem\Header Files</Filter></ClInclude>
    <ClInclude Include="core\platform\filesystem\internal\file_utils.hpp"><Filter>Core\platform\filesystem\internal\Header Files</Filter></ClInclude>
    <ClInclude Include="core\platform\filesystem\log.hpp"><Filter>Core\platform\filesystem\Header Files</Filter></ClInclude>
    <ClInclude Include="core\platform\module\binding.hpp"><Filter>Core\platform\module\Header Files</Filter></ClInclude>
    <ClInclude Include="core\platform\path\native_path.hpp"><Filter>Core\platform\path\Header Files</Filter></ClInclude>
    <ClInclude Include="core\platform\platform_defines.hpp"><Filter>Core\platform\Header Files</Filter></ClInclude>
    <ClInclude Include="core\platform\system\debugger.hpp"><Filter>Core\platform\system\Header Files</Filter></ClInclude>
    <ClInclude Include="core\platform\system\performance_counter.hpp"><Filter>Core\platform\system\Header Files</Filter></ClInclude>
    <ClInclude Include="core\platform\system\process_priority.hpp"><Filter>Core\platform\system\Header Files</Filter></ClInclude>
    <ClInclude Include="core\platform\threading\exclusive_lock.hpp"><Filter>Core\platform\threading\Header Files</Filter></ClInclude>
    <ClInclude Include="core\platform\threading\hw_thread_count.hpp"><Filter>Core\platform\threading\Header Files</Filter></ClInclude>
    <ClInclude Include="core\platform\threading\native_thread_id.hpp"><Filter>Core\platform\threading\Header Files</Filter></ClInclude>
    <ClInclude Include="core\platform\threading\platform_threading.hpp"><Filter>Core\platform\threading\Header Files</Filter></ClInclude>
    <ClInclude Include="core\platform\threading\processor_relax.hpp"><Filter>Core\platform\threading\Header Files</Filter></ClInclude>
    <ClInclude Include="core\platform\threading\thread_lifetime.hpp"><Filter>Core\platform\threading\Header Files</Filter></ClInclude>
    <ClInclude Include="core\platform\threading\thread_naming.hpp"><Filter>Core\platform\threading\Header Files</Filter></ClInclude>
    <ClInclude Include="core\platform\threading\thread_priority.hpp"><Filter>Core\platform\threading\Header Files</Filter></ClInclude>
    <ClInclude Include="core\platform\threading\wait_word_semaphore.hpp"><Filter>Core\platform\threading\Header Files</Filter></ClInclude>
    <ClInclude Include="core\platform\threading\wait_word.hpp"><Filter>Core\platform\threading\Header Files</Filter></ClInclude>
    <ClInclude Include="core\platform\windows_include.hpp"><Filter>Core\platform\Header Files</Filter></ClInclude>
    <ClInclude Include="core\system\async_state.hpp"><Filter>Core\system\Header Files</Filter></ClInclude>
    <ClInclude Include="core\system\erased_owner_operations.hpp"><Filter>Core\system\Header Files</Filter></ClInclude>
    <ClInclude Include="core\system\erased_owner_registration.hpp"><Filter>Core\system\Header Files</Filter></ClInclude>
    <ClInclude Include="core\system\erased_owner_transport.hpp"><Filter>Core\system\Header Files</Filter></ClInclude>
    <ClInclude Include="core\system\erased_owner.hpp"><Filter>Core\system\Header Files</Filter></ClInclude>
    <ClInclude Include="core\system\erased_pod.hpp"><Filter>Core\system\Header Files</Filter></ClInclude>
    <ClInclude Include="core\system\erased_transport_admission.hpp"><Filter>Core\system\Header Files</Filter></ClInclude>
    <ClInclude Include="core\system\local_type_registration.hpp"><Filter>Core\system\Header Files</Filter></ClInclude>
    <ClInclude Include="core\system\local_type_registry.hpp"><Filter>Core\system\Header Files</Filter></ClInclude>
    <ClInclude Include="core\system\runtime_ids.def"><Filter>Core\system\Header Files</Filter></ClInclude>
    <ClInclude Include="core\system\system_context.hpp"><Filter>Core\system\Header Files</Filter></ClInclude>
    <ClInclude Include="core\system\system_erased_owner_payloads.def"><Filter>Core\system\Header Files</Filter></ClInclude>
    <ClInclude Include="core\system\system_id_registry.hpp"><Filter>Core\system\Header Files</Filter></ClInclude>
    <ClInclude Include="core\system\system_ids.hpp"><Filter>Core\system\Header Files</Filter></ClInclude>
    <ClInclude Include="core\system\system_type_ids.def"><Filter>Core\system\Header Files</Filter></ClInclude>
    <ClInclude Include="core\system\system_type_registration.hpp"><Filter>Core\system\Header Files</Filter></ClInclude>
    <ClInclude Include="core\system\thread_ids.def"><Filter>Core\system\Header Files</Filter></ClInclude>
    <ClInclude Include="core\system\transported_types.hpp"><Filter>Core\system\Header Files</Filter></ClInclude>
    <ClInclude Include="core\system\TStaticLookup.hpp"><Filter>Core\system\Header Files</Filter></ClInclude>
    <ClInclude Include="core\system\type_id_binding_category.hpp"><Filter>Core\system\Header Files</Filter></ClInclude>
    <ClInclude Include="core\system\type_registration.hpp"><Filter>Core\system\Header Files</Filter></ClInclude>
    <ClInclude Include="core\threading\CCountingSemaphore.hpp"><Filter>Core\threading\Header Files</Filter></ClInclude>
    <ClInclude Include="core\threading\CParkingGate.hpp"><Filter>Core\threading\Header Files</Filter></ClInclude>
    <ClInclude Include="core\threading\CThreadControlState.hpp"><Filter>Core\threading\Header Files</Filter></ClInclude>
    <ClInclude Include="core\threading\CThreadPackage.hpp"><Filter>Core\threading\Header Files</Filter></ClInclude>
    <ClInclude Include="core\threading\CWaitPredicate.hpp"><Filter>Core\threading\Header Files</Filter></ClInclude>
    <ClInclude Include="core\threading\messages\byte_view_payloads.hpp"><Filter>Core\threading\messages\Header Files</Filter></ClInclude>
    <ClInclude Include="core\threading\messages\CErasedMessageTransports.hpp"><Filter>Core\threading\messages\Header Files</Filter></ClInclude>
    <ClInclude Include="core\threading\messages\CErasedOwnerMsg.hpp"><Filter>Core\threading\messages\Header Files</Filter></ClInclude>
    <ClInclude Include="core\threading\messages\CErasedPodMsg.hpp"><Filter>Core\threading\messages\Header Files</Filter></ClInclude>
    <ClInclude Include="core\threading\messages\messages.hpp"><Filter>Core\threading\messages\Header Files</Filter></ClInclude>
    <ClInclude Include="core\threading\messages\SErasedMsgHeader.hpp"><Filter>Core\threading\messages\Header Files</Filter></ClInclude>
    <ClInclude Include="core\threading\threading.hpp"><Filter>Core\threading\Header Files</Filter></ClInclude>
    <ClInclude Include="core\threading\transports\TBulkTransport.hpp"><Filter>Core\threading\transports\Header Files</Filter></ClInclude>
    <ClInclude Include="core\threading\transports\TMpmcTransport.hpp"><Filter>Core\threading\transports\Header Files</Filter></ClInclude>
    <ClInclude Include="core\threading\transports\TOwningTransport.hpp"><Filter>Core\threading\transports\Header Files</Filter></ClInclude>
    <ClInclude Include="core\threading\transports\TQueueTransport.hpp"><Filter>Core\threading\transports\Header Files</Filter></ClInclude>
    <ClInclude Include="core\threading\transports\transports.hpp"><Filter>Core\threading\transports\Header Files</Filter></ClInclude>
    <ClInclude Include="core\threading\transports\TRingTransport.hpp"><Filter>Core\threading\transports\Header Files</Filter></ClInclude>
    <ClInclude Include="core\types\atomic_types.hpp"><Filter>Core\types\Header Files</Filter></ClInclude>
    <ClInclude Include="core\types\fp16data_t.hpp"><Filter>Core\types\Header Files</Filter></ClInclude>
  </ItemGroup>
  <ItemGroup>
    <ClCompile Include="core\debug\event_arguments.cpp"><Filter>Core\debug\Source Files</Filter></ClCompile>
    <ClCompile Include="core\debug\service.cpp"><Filter>Core\debug\Source Files</Filter></ClCompile>
    <ClCompile Include="core\image\codec\tga.cpp"><Filter>Core\image\codec\Source Files</Filter></ClCompile>
    <ClCompile Include="core\memory\memory_context.cpp"><Filter>Core\memory\Source Files</Filter></ClCompile>
    <ClCompile Include="core\module\module_binding_context.cpp"><Filter>Core\module\Source Files</Filter></ClCompile>
    <ClCompile Include="core\platform\filesystem\file.cpp"><Filter>Core\platform\filesystem\Source Files</Filter></ClCompile>
    <ClCompile Include="core\platform\filesystem\internal\file_utils.cpp"><Filter>Core\platform\filesystem\internal\Source Files</Filter></ClCompile>
    <ClCompile Include="core\platform\filesystem\log.cpp"><Filter>Core\platform\filesystem\Source Files</Filter></ClCompile>
    <ClCompile Include="core\platform\module\binding.cpp"><Filter>Core\platform\module\Source Files</Filter></ClCompile>
    <ClCompile Include="core\platform\path\native_path.cpp"><Filter>Core\platform\path\Source Files</Filter></ClCompile>
    <ClCompile Include="core\platform\system\debugger.cpp"><Filter>Core\platform\system\Source Files</Filter></ClCompile>
    <ClCompile Include="core\platform\system\performance_counter.cpp"><Filter>Core\platform\system\Source Files</Filter></ClCompile>
    <ClCompile Include="core\platform\system\process_priority.cpp"><Filter>Core\platform\system\Source Files</Filter></ClCompile>
    <ClCompile Include="core\platform\threading\exclusive_lock.cpp"><Filter>Core\platform\threading\Source Files</Filter></ClCompile>
    <ClCompile Include="core\platform\threading\hw_thread_count.cpp"><Filter>Core\platform\threading\Source Files</Filter></ClCompile>
    <ClCompile Include="core\platform\threading\native_thread_id.cpp"><Filter>Core\platform\threading\Source Files</Filter></ClCompile>
    <ClCompile Include="core\platform\threading\processor_relax.cpp"><Filter>Core\platform\threading\Source Files</Filter></ClCompile>
    <ClCompile Include="core\platform\threading\thread_lifetime.cpp"><Filter>Core\platform\threading\Source Files</Filter></ClCompile>
    <ClCompile Include="core\platform\threading\thread_naming.cpp"><Filter>Core\platform\threading\Source Files</Filter></ClCompile>
    <ClCompile Include="core\platform\threading\thread_priority.cpp"><Filter>Core\platform\threading\Source Files</Filter></ClCompile>
    <ClCompile Include="core\platform\threading\wait_word_semaphore.cpp"><Filter>Core\platform\threading\Source Files</Filter></ClCompile>
    <ClCompile Include="core\platform\threading\wait_word.cpp"><Filter>Core\platform\threading\Source Files</Filter></ClCompile>
    <ClCompile Include="core\system\erased_owner_operations.cpp"><Filter>Core\system\Source Files</Filter></ClCompile>
    <ClCompile Include="core\system\erased_owner_transport.cpp"><Filter>Core\system\Source Files</Filter></ClCompile>
    <ClCompile Include="core\system\erased_owner.cpp"><Filter>Core\system\Source Files</Filter></ClCompile>
    <ClCompile Include="core\system\erased_transport_admission.cpp"><Filter>Core\system\Source Files</Filter></ClCompile>
    <ClCompile Include="core\system\local_type_registry.cpp"><Filter>Core\system\Source Files</Filter></ClCompile>
    <ClCompile Include="core\system\system_context.cpp"><Filter>Core\system\Source Files</Filter></ClCompile>
    <ClCompile Include="core\system\system_ids.cpp"><Filter>Core\system\Source Files</Filter></ClCompile>
    <ClCompile Include="core\threading\CCountingSemaphore.cpp"><Filter>Core\threading\Source Files</Filter></ClCompile>
    <ClCompile Include="core\threading\CParkingGate.cpp"><Filter>Core\threading\Source Files</Filter></ClCompile>
    <ClCompile Include="core\threading\CThreadPackage.cpp"><Filter>Core\threading\Source Files</Filter></ClCompile>
    <ClCompile Include="core\threading\CWaitPredicate.cpp"><Filter>Core\threading\Source Files</Filter></ClCompile>
    <ClCompile Include="core\threading\messages\CErasedOwnerMsgTransport.cpp"><Filter>Core\threading\messages\Source Files</Filter></ClCompile>
    <ClCompile Include="core\threading\messages\CErasedPodMsgTransport.cpp"><Filter>Core\threading\messages\Source Files</Filter></ClCompile>
    <ClCompile Include="core\types\fp16data_t.cpp"><Filter>Core\types\Source Files</Filter></ClCompile>
  </ItemGroup>
  <ItemGroup>
    <None Include=".gitignore"><Filter>Docs</Filter></None>
    <None Include="docs\architecture\architectural-principles.md"><Filter>Docs\architecture</Filter></None>
    <None Include="docs\backlog\current_scope_backlog.md"><Filter>Docs\backlog</Filter></None>
    <None Include="docs\backlog\manifold_engine_interim_backlog.md"><Filter>Docs\backlog</Filter></None>
    <None Include="docs\architecture\codebase-ethos-primer.md"><Filter>Docs\architecture</Filter></None>
    <None Include="docs\architecture\codebase-model.md"><Filter>Docs\architecture</Filter></None>
    <None Include="docs\containers\ByteBuffers.md"><Filter>Docs\containers</Filter></None>
    <None Include="docs\containers\slots\TOrderedSlots.md"><Filter>Docs\containers\slots</Filter></None>
    <None Include="docs\containers\slots\TUnorderedSlots.md"><Filter>Docs\containers\slots</Filter></None>
    <None Include="docs\containers\StringBuffers.md"><Filter>Docs\containers</Filter></None>
    <None Include="docs\containers\TOrderedCollection.md"><Filter>Docs\containers</Filter></None>
    <None Include="docs\containers\TPodFifo.md"><Filter>Docs\containers</Filter></None>
    <None Include="docs\containers\TPodVector.md"><Filter>Docs\containers</Filter></None>
    <None Include="docs\containers\TUnorderedCollection.md"><Filter>Docs\containers</Filter></None>
    <None Include="docs\debug\debug_service_substrate.md"><Filter>Docs\debug</Filter></None>
    <None Include="docs\debug\debug_system_audit.md"><Filter>Docs\debug</Filter></None>
    <None Include="docs\debug\debug_system_interface.md"><Filter>Docs\debug</Filter></None>
    <None Include="docs\architecture\engineering-aphorisms.md"><Filter>Docs\architecture</Filter></None>
    <None Include="docs\architecture\engineering-principles.md"><Filter>Docs\architecture</Filter></None>
    <None Include="docs\memory\memory_subsystem.md"><Filter>Docs\memory</Filter></None>
    <None Include="docs\architecture\origins.md"><Filter>Docs\architecture</Filter></None>
    <None Include="docs\project\attribution_policy.md"><Filter>Docs\project</Filter></None>
    <None Include="docs\project\completed_milestones.md"><Filter>Docs\project</Filter></None>
    <None Include="docs\project\future_work_notes.md"><Filter>Docs\project</Filter></None>
    <None Include="docs\system\erased_owner.md"><Filter>Docs\system</Filter></None>
    <None Include="docs\system\module_bootstrap.md"><Filter>Docs\system</Filter></None>
    <None Include="docs\system\type_identity.md"><Filter>Docs\system</Filter></None>
    <None Include="docs\threading\job_framework_milestone.md"><Filter>Docs\threading</Filter></None>
    <None Include="docs\threading\transports\TMpmcTransport.md"><Filter>Docs\threading\transports</Filter></None>
    <None Include="docs\threading\transports\TOwningTransport.md"><Filter>Docs\threading\transports</Filter></None>
    <None Include="docs\threading\transports\TQueueTransport.md"><Filter>Docs\threading\transports</Filter></None>
    <None Include="docs\threading\transports\TRingTransport.md"><Filter>Docs\threading\transports</Filter></None>
    <None Include="logs\.gitkeep"><Filter>Logs</Filter></None>
    <None Include="README.md"><Filter>Docs</Filter></None>
  </ItemGroup>
  <ItemGroup>
    <Text Include="LICENSE.txt"><Filter>Docs</Filter></Text>
  </ItemGroup>
</Project>
