<?xml version="1.0" encoding="utf-8"?>
<Project ToolsVersion="4.0" xmlns="http://schemas.microsoft.com/developer/msbuild/2003">
  <ItemGroup>
    <Filter Include="include"><UniqueIdentifier>{40613e86-d9dd-4ffd-bf28-56bd16f72aef}</UniqueIdentifier></Filter>
    <Filter Include="include\debug"><UniqueIdentifier>{77450e67-ab94-4d4a-b76a-47e7ae36de8f}</UniqueIdentifier></Filter>
    <Filter Include="include\memory"><UniqueIdentifier>{e7a8adcc-13e0-42a8-bdf5-83539541b292}</UniqueIdentifier></Filter>
    <Filter Include="include\modules"><UniqueIdentifier>{dbab7528-45a2-49ac-8f3c-c0bbcab64312}</UniqueIdentifier></Filter>
    <Filter Include="include\modules\application"><UniqueIdentifier>{994691cc-1124-4449-acb6-bf31e1a15dce}</UniqueIdentifier></Filter>
    <Filter Include="include\platform"><UniqueIdentifier>{13b2548d-f575-45e9-be88-1dc4cc193d7e}</UniqueIdentifier></Filter>
    <Filter Include="include\platform\filesystem"><UniqueIdentifier>{844b26c6-ee26-48c5-af5e-b06c1282d119}</UniqueIdentifier></Filter>
    <Filter Include="include\platform\filesystem\internal"><UniqueIdentifier>{2da1cc60-0d4d-4817-9a48-fb9d6a53c146}</UniqueIdentifier></Filter>
    <Filter Include="include\platform\path"><UniqueIdentifier>{a13af391-52a1-4801-a7aa-0862f9627a43}</UniqueIdentifier></Filter>
    <Filter Include="include\platform\system"><UniqueIdentifier>{178cf9ae-dd66-4e97-8a1f-a27e89f11b6d}</UniqueIdentifier></Filter>
    <Filter Include="include\platform\threading"><UniqueIdentifier>{f56ab477-db1e-4444-a8cd-17d5359f7808}</UniqueIdentifier></Filter>
    <Filter Include="include\system"><UniqueIdentifier>{60c96b54-a45f-419d-af40-957a3be20722}</UniqueIdentifier></Filter>
    <Filter Include="include\threading"><UniqueIdentifier>{b5f18408-ddc0-4ef2-849d-da5773047c51}</UniqueIdentifier></Filter>
    <Filter Include="include\threading\messages"><UniqueIdentifier>{9d2c264d-91be-4183-886c-88a51d71b0dc}</UniqueIdentifier></Filter>
    <Filter Include="src"><UniqueIdentifier>{d78a1961-6868-42c4-ac6f-b3f6d53b6d04}</UniqueIdentifier></Filter>
    <Filter Include="src\debug"><UniqueIdentifier>{8eb83b55-c7b7-4e87-b1ef-334bded60dab}</UniqueIdentifier></Filter>
    <Filter Include="src\memory"><UniqueIdentifier>{924ed0e6-53ee-445c-83a4-a0d971facf7a}</UniqueIdentifier></Filter>
    <Filter Include="src\modules"><UniqueIdentifier>{b2d6a129-7227-405c-8c2c-0d180cb52111}</UniqueIdentifier></Filter>
    <Filter Include="src\modules\application"><UniqueIdentifier>{7b471be7-95f8-4fdc-b9d3-9ea52320c857}</UniqueIdentifier></Filter>
    <Filter Include="src\platform"><UniqueIdentifier>{898864aa-3778-4b16-b699-99203967178e}</UniqueIdentifier></Filter>
    <Filter Include="src\platform\filesystem"><UniqueIdentifier>{12bf70e7-0f26-4f8f-87f5-da898059bcd7}</UniqueIdentifier></Filter>
    <Filter Include="src\platform\filesystem\internal"><UniqueIdentifier>{0204d637-59a1-4477-b82d-0f14a88b33b9}</UniqueIdentifier></Filter>
    <Filter Include="src\platform\path"><UniqueIdentifier>{332691a1-c79e-4be2-8611-7a6496c2f998}</UniqueIdentifier></Filter>
    <Filter Include="src\platform\system"><UniqueIdentifier>{da3e73b5-7014-4557-9b8a-31fd3d740295}</UniqueIdentifier></Filter>
    <Filter Include="src\platform\threading"><UniqueIdentifier>{53d924fa-7280-4142-a9e6-7c74fd922ddc}</UniqueIdentifier></Filter>
    <Filter Include="src\system"><UniqueIdentifier>{c17ad609-9fe3-4f1a-a807-89a32bb8d40d}</UniqueIdentifier></Filter>
    <Filter Include="src\threading"><UniqueIdentifier>{198b89dd-08af-443c-ae8d-14bb27e9626a}</UniqueIdentifier></Filter>
    <Filter Include="src\threading\messages"><UniqueIdentifier>{9fcc163d-610c-44ca-a338-78ac91ddfcda}</UniqueIdentifier></Filter>
  </ItemGroup>
  <ItemGroup>
    <ClInclude Include="include\debug\event_arguments.hpp"><Filter>include\debug</Filter></ClInclude>
    <ClInclude Include="include\debug\macros.hpp"><Filter>include\debug</Filter></ClInclude>
    <ClInclude Include="include\debug\service.hpp"><Filter>include\debug</Filter></ClInclude>
    <ClInclude Include="include\memory\memory_context.hpp"><Filter>include\memory</Filter></ClInclude>
    <ClInclude Include="include\memory\memory_policies.hpp"><Filter>include\memory</Filter></ClInclude>
    <ClInclude Include="include\modules\module_binding.hpp"><Filter>include\modules</Filter></ClInclude>
    <ClInclude Include="include\modules\module_binding_context.hpp"><Filter>include\modules</Filter></ClInclude>
    <ClInclude Include="include\modules\application\application_binding.hpp"><Filter>include\modules\application</Filter></ClInclude>
    <ClInclude Include="include\modules\application\application_local_type_ids.def"><Filter>include\modules\application</Filter></ClInclude>
    <ClInclude Include="include\modules\application\application_local_type_registry.hpp"><Filter>include\modules\application</Filter></ClInclude>
    <ClInclude Include="include\modules\application\application_thread.hpp"><Filter>include\modules\application</Filter></ClInclude>
    <ClInclude Include="include\platform\filesystem\internal\file_utils.hpp"><Filter>include\platform\filesystem\internal</Filter></ClInclude>
    <ClInclude Include="include\platform\filesystem\log.hpp"><Filter>include\platform\filesystem</Filter></ClInclude>
    <ClInclude Include="include\platform\path\native_path.hpp"><Filter>include\platform\path</Filter></ClInclude>
    <ClInclude Include="include\platform\system\debugger.hpp"><Filter>include\platform\system</Filter></ClInclude>
    <ClInclude Include="include\platform\system\performance_counter.hpp"><Filter>include\platform\system</Filter></ClInclude>
    <ClInclude Include="include\platform\threading\exclusive_lock.hpp"><Filter>include\platform\threading</Filter></ClInclude>
    <ClInclude Include="include\platform\threading\native_thread_id.hpp"><Filter>include\platform\threading</Filter></ClInclude>
    <ClInclude Include="include\platform\threading\processor_relax.hpp"><Filter>include\platform\threading</Filter></ClInclude>
    <ClInclude Include="include\platform\threading\thread_lifetime.hpp"><Filter>include\platform\threading</Filter></ClInclude>
    <ClInclude Include="include\platform\threading\thread_naming.hpp"><Filter>include\platform\threading</Filter></ClInclude>
    <ClInclude Include="include\platform\threading\thread_priority.hpp"><Filter>include\platform\threading</Filter></ClInclude>
    <ClInclude Include="include\platform\threading\wait_word.hpp"><Filter>include\platform\threading</Filter></ClInclude>
    <ClInclude Include="include\platform\threading\wait_word_semaphore.hpp"><Filter>include\platform\threading</Filter></ClInclude>
    <ClInclude Include="include\system\async_state.hpp"><Filter>include\system</Filter></ClInclude>
    <ClInclude Include="include\system\erased_owner.hpp"><Filter>include\system</Filter></ClInclude>
    <ClInclude Include="include\system\erased_owner_operations.hpp"><Filter>include\system</Filter></ClInclude>
    <ClInclude Include="include\system\erased_owner_registration.hpp"><Filter>include\system</Filter></ClInclude>
    <ClInclude Include="include\system\erased_owner_transport.hpp"><Filter>include\system</Filter></ClInclude>
    <ClInclude Include="include\system\erased_transport_admission.hpp"><Filter>include\system</Filter></ClInclude>
    <ClInclude Include="include\system\erased_pod.hpp"><Filter>include\system</Filter></ClInclude>
    <ClInclude Include="include\system\system_context.hpp"><Filter>include\system</Filter></ClInclude>
    <ClInclude Include="include\system\system_ids.hpp"><Filter>include\system</Filter></ClInclude>
    <ClInclude Include="include\system\system_id_registry.hpp"><Filter>include\system</Filter></ClInclude>
    <ClInclude Include="include\system\local_type_registration.hpp"><Filter>include\system</Filter></ClInclude>
    <ClInclude Include="include\system\local_type_registry.hpp"><Filter>include\system</Filter></ClInclude>
    <ClInclude Include="include\system\type_id_binding_category.hpp"><Filter>include\system</Filter></ClInclude>
    <ClInclude Include="include\system\type_registration.hpp"><Filter>include\system</Filter></ClInclude>
    <ClInclude Include="include\system\system_type_registration.hpp"><Filter>include\system</Filter></ClInclude>
    <ClInclude Include="include\system\system_erased_owner_payloads.def"><Filter>include\system</Filter></ClInclude>
    <ClInclude Include="include\system\transported_types.hpp"><Filter>include\system</Filter></ClInclude>
    <ClInclude Include="include\threading\CCountingSemaphore.hpp"><Filter>include\threading</Filter></ClInclude>
    <ClInclude Include="include\threading\CParkingGate.hpp"><Filter>include\threading</Filter></ClInclude>
    <ClInclude Include="include\threading\CThreadControlState.hpp"><Filter>include\threading</Filter></ClInclude>
    <ClInclude Include="include\threading\CThreadPackage.hpp"><Filter>include\threading</Filter></ClInclude>
    <ClInclude Include="include\threading\CWaitPredicate.hpp"><Filter>include\threading</Filter></ClInclude>
    <ClInclude Include="include\threading\messages\CErasedMessageTransports.hpp"><Filter>include\threading\messages</Filter></ClInclude>
    <ClInclude Include="include\threading\messages\CErasedOwnerMsg.hpp"><Filter>include\threading\messages</Filter></ClInclude>
    <ClInclude Include="include\threading\messages\CErasedPodMsg.hpp"><Filter>include\threading\messages</Filter></ClInclude>
    <ClInclude Include="include\threading\messages\SErasedMsgHeader.hpp"><Filter>include\threading\messages</Filter></ClInclude>
  </ItemGroup>
  <ItemGroup>
    <ClCompile Include="src\debug\event_arguments.cpp"><Filter>src\debug</Filter></ClCompile>
    <ClCompile Include="src\debug\service.cpp"><Filter>src\debug</Filter></ClCompile>
    <ClCompile Include="src\memory\memory_context.cpp"><Filter>src\memory</Filter></ClCompile>
    <ClCompile Include="src\modules\module_binding_context.cpp"><Filter>src\modules</Filter></ClCompile>
    <ClCompile Include="src\modules\application\application_binding.cpp"><Filter>src\modules\application</Filter></ClCompile>
    <ClCompile Include="src\modules\application\application_local_type_registry.cpp"><Filter>src\modules\application</Filter></ClCompile>
    <ClCompile Include="src\modules\application\application_thread.cpp"><Filter>src\modules\application</Filter></ClCompile>
    <ClCompile Include="src\platform\filesystem\internal\file_utils.cpp"><Filter>src\platform\filesystem\internal</Filter></ClCompile>
    <ClCompile Include="src\platform\filesystem\log.cpp"><Filter>src\platform\filesystem</Filter></ClCompile>
    <ClCompile Include="src\platform\path\native_path.cpp"><Filter>src\platform\path</Filter></ClCompile>
    <ClCompile Include="src\platform\system\debugger.cpp"><Filter>src\platform\system</Filter></ClCompile>
    <ClCompile Include="src\platform\system\performance_counter.cpp"><Filter>src\platform\system</Filter></ClCompile>
    <ClCompile Include="src\platform\threading\exclusive_lock.cpp"><Filter>src\platform\threading</Filter></ClCompile>
    <ClCompile Include="src\platform\threading\native_thread_id.cpp"><Filter>src\platform\threading</Filter></ClCompile>
    <ClCompile Include="src\platform\threading\processor_relax.cpp"><Filter>src\platform\threading</Filter></ClCompile>
    <ClCompile Include="src\platform\threading\thread_lifetime.cpp"><Filter>src\platform\threading</Filter></ClCompile>
    <ClCompile Include="src\platform\threading\thread_naming.cpp"><Filter>src\platform\threading</Filter></ClCompile>
    <ClCompile Include="src\platform\threading\thread_priority.cpp"><Filter>src\platform\threading</Filter></ClCompile>
    <ClCompile Include="src\platform\threading\wait_word.cpp"><Filter>src\platform\threading</Filter></ClCompile>
    <ClCompile Include="src\platform\threading\wait_word_semaphore.cpp"><Filter>src\platform\threading</Filter></ClCompile>
    <ClCompile Include="src\system\system_context.cpp"><Filter>src\system</Filter></ClCompile>
    <ClCompile Include="src\system\erased_owner.cpp"><Filter>src\system</Filter></ClCompile>
    <ClCompile Include="src\system\erased_owner_operations.cpp"><Filter>src\system</Filter></ClCompile>
    <ClCompile Include="src\system\system_ids.cpp"><Filter>src\system</Filter></ClCompile>
    <ClCompile Include="src\system\local_type_registry.cpp"><Filter>src\system</Filter></ClCompile>
    <ClCompile Include="src\threading\CCountingSemaphore.cpp"><Filter>src\threading</Filter></ClCompile>
    <ClCompile Include="src\threading\CParkingGate.cpp"><Filter>src\threading</Filter></ClCompile>
    <ClCompile Include="src\threading\CThreadPackage.cpp"><Filter>src\threading</Filter></ClCompile>
    <ClCompile Include="src\threading\CWaitPredicate.cpp"><Filter>src\threading</Filter></ClCompile>
    <ClCompile Include="src\threading\messages\CErasedOwnerMsgTransport.cpp"><Filter>src\threading\messages</Filter></ClCompile>
  </ItemGroup>
</Project>
